
Microsoft Visual Studio Solution File, Format Version 12.00
# Visual Studio 15
VisualStudioVersion = 15.0.27703.2042
MinimumVisualStudioVersion = 10.0.40219.1
Project("{FAE04EC0-301F-11D3-BF4B-00C04F79EFBC}") = "CityDictionary.UI", "CityDictionary.UI\CityDictionary.UI.csproj", "{CE1B1374-6145-4A88-8307-57310DCA8A9D}"
EndProject
Project("{FAE04EC0-301F-11D3-BF4B-00C04F79EFBC}") = "CityDictionary.Models", "CityDictionary.Models\CityDictionary.Models.csproj", "{F501CD41-74E4-4019-A4C8-B091E8A39585}"
EndProject
Project("{FAE04EC0-301F-11D3-BF4B-00C04F79EFBC}") = "CityDictionary.DataAccess", "CityDictionary.DataAccess\CityDictionary.DataAccess.csproj", "{C35E1455-5118-43D0-8EDF-9438901D3D18}"
EndProject
Global
	GlobalSection(SolutionConfigurationPlatforms) = preSolution
		Debug|Any CPU = Debug|Any CPU
		Release|Any CPU = Release|Any CPU
	EndGlobalSection
	GlobalSection(ProjectConfigurationPlatforms) = postSolution
		{CE1B1374-6145-4A88-8307-57310DCA8A9D}.Debug|Any CPU.ActiveCfg = Debug|Any CPU
		{CE1B1374-6145-4A88-8307-57310DCA8A9D}.Debug|Any CPU.Build.0 = Debug|Any CPU
		{CE1B1374-6145-4A88-8307-57310DCA8A9D}.Release|Any CPU.ActiveCfg = Release|Any CPU
		{CE1B1374-6145-4A88-8307-57310DCA8A9D}.Release|Any CPU.Build.0 = Release|Any CPU
		{F501CD41-74E4-4019-A4C8-B091E8A39585}.Debug|Any CPU.ActiveCfg = Debug|Any CPU
		{F501CD41-74E4-4019-A4C8-B091E8A39585}.Debug|Any CPU.Build.0 = Debug|Any CPU
		{F501CD41-74E4-4019-A4C8-B091E8A39585}.Release|Any CPU.ActiveCfg = Release|Any CPU
		{F501CD41-74E4-4019-A4C8-B091E8A39585}.Release|Any CPU.Build.0 = Release|Any CPU
		{C35E1455-5118-43D0-8EDF-9438901D3D18}.Debug|Any CPU.ActiveCfg = Debug|Any CPU
		{C35E1455-5118-43D0-8EDF-9438901D3D18}.Debug|Any CPU.Build.0 = Debug|Any CPU
		{C35E1455-5118-43D0-8EDF-9438901D3D18}.Release|Any CPU.ActiveCfg = Release|Any CPU
		{C35E1455-5118-43D0-8EDF-9438901D3D18}.Release|Any CPU.Build.0 = Release|Any CPU
	EndGlobalSection
	GlobalSection(SolutionProperties) = preSolution
		HideSolutionNode = FALSE
	EndGlobalSection
	GlobalSection(ExtensibilityGlobals) = postSolution
		SolutionGuid = {A7E045EC-32BA-4BE5-A8EF-C32A69BD44C9}
	EndGlobalSection
EndGlobal
